{
  "version": 4,
  "terraform_version": "1.2.8",
  "serial": 21,
  "lineage": "1753943e-acd1-0290-ab11-9e1ab6707eb2",
  "outputs": {},
  "resources": [
    {
      "mode": "managed",
      "type": "azurerm_application_insights",
      "name": "example",
      "provider": "provider[\"registry.terraform.io/hashicorp/azurerm\"]",
      "instances": [
        {
          "schema_version": 1,
          "attributes": {
            "app_id": "9267f70b-15a5-49e5-8454-a0d71f51c817",
            "application_type": "web",
            "connection_string": "InstrumentationKey=ef9bd530-8528-41a0-9ed5-46e45a4905c2;IngestionEndpoint=https://westeurope-3.in.applicationinsights.azure.com/;LiveEndpoint=https://westeurope.livediagnostics.monitor.azure.com/",
            "daily_data_cap_in_gb": 100,
            "daily_data_cap_notifications_disabled": false,
            "disable_ip_masking": false,
            "force_customer_storage_for_profiler": false,
            "id": "/subscriptions/ece7ed6e-ef1e-4600-8b1c-c92098af9d03/resourceGroups/session18/providers/Microsoft.Insights/components/App-Insights-2",
            "instrumentation_key": "ef9bd530-8528-41a0-9ed5-46e45a4905c2",
            "internet_ingestion_enabled": true,
            "internet_query_enabled": true,
            "local_authentication_disabled": false,
            "location": "westeurope",
            "name": "App-Insights-2",
            "resource_group_name": "session18",
            "retention_in_days": 90,
            "sampling_percentage": 100,
            "tags": {},
            "timeouts": null,
            "workspace_id": null
          },
          "sensitive_attributes": [],
          "private": "eyJlMmJmYjczMC1lY2FhLTExZTYtOGY4OC0zNDM2M2JjN2M0YzAiOnsiY3JlYXRlIjozNjAwMDAwMDAwMDAwLCJkZWxldGUiOjE4MDAwMDAwMDAwMDAsInJlYWQiOjMwMDAwMDAwMDAwMCwidXBkYXRlIjoxODAwMDAwMDAwMDAwfSwic2NoZW1hX3ZlcnNpb24iOiIxIn0="
        }
      ]
    },
    {
      "mode": "managed",
      "type": "azurerm_application_insights_web_test",
      "name": "availability_test",
      "provider": "provider[\"registry.terraform.io/hashicorp/azurerm\"]",
      "instances": [
        {
          "schema_version": 1,
          "attributes": {
            "application_insights_id": "/subscriptions/ece7ed6e-ef1e-4600-8b1c-c92098af9d03/resourceGroups/session18/providers/Microsoft.Insights/components/App-Insights-2",
            "configuration": "\u003cWebTest Name=\"WebTest1\" Id=\"650ff462-b428-4f40-ad8f-1248886a360e\" Enabled=\"True\" CssProjectStructure=\"\" CssIteration=\"\" Timeout=\"0\" WorkItemIds=\"\" xmlns=\"http://microsoft.com/schemas/VisualStudio/TeamTest/2010\" Description=\"\" CredentialUserName=\"\" CredentialPassword=\"\" PreAuthenticate=\"True\" Proxy=\"default\" StopOnError=\"False\" RecordedResultFile=\"\" ResultsLocale=\"\"\u003e\r\n  \u003cItems\u003e\r\n    \u003cRequest Method=\"GET\" Guid=\"a5f10126-e4cd-570d-961c-cea43999a200\" Version=\"1.1\" Url=\"https://mbidzins-webapp.azurewebsites.net\" ThinkTime=\"0\" Timeout=\"300\" ParseDependentRequests=\"True\" FollowRedirects=\"True\" RecordResult=\"True\" Cache=\"False\" ResponseTimeGoal=\"0\" Encoding=\"utf-8\" ExpectedHttpStatusCode=\"200\" ExpectedResponseUrl=\"\" ReportingName=\"\" IgnoreHttpStatusCode=\"False\" /\u003e\r\n  \u003c/Items\u003e\r\n\u003c/WebTest\u003e",
            "description": "",
            "enabled": true,
            "frequency": 300,
            "geo_locations": [
              "us-il-ch1-azr"
            ],
            "id": "/subscriptions/ece7ed6e-ef1e-4600-8b1c-c92098af9d03/resourceGroups/session18/providers/Microsoft.Insights/webTests/PingTest-app-insights",
            "kind": "ping",
            "location": "westeurope",
            "name": "PingTest-app-insights",
            "resource_group_name": "session18",
            "retry_enabled": false,
            "synthetic_monitor_id": "PingTest-app-insights",
            "tags": {
              "hidden-link:/subscriptions/ece7ed6e-ef1e-4600-8b1c-c92098af9d03/resourceGroups/session18/providers/Microsoft.Insights/components/App-Insights-2": "Resource"
            },
            "timeout": 30,
            "timeouts": null
          },
          "sensitive_attributes": [],
          "private": "eyJlMmJmYjczMC1lY2FhLTExZTYtOGY4OC0zNDM2M2JjN2M0YzAiOnsiY3JlYXRlIjoxODAwMDAwMDAwMDAwLCJkZWxldGUiOjE4MDAwMDAwMDAwMDAsInJlYWQiOjMwMDAwMDAwMDAwMCwidXBkYXRlIjoxODAwMDAwMDAwMDAwfSwic2NoZW1hX3ZlcnNpb24iOiIxIn0=",
          "dependencies": [
            "azurerm_application_insights.example"
          ]
        }
      ]
    }
  ]
}
